
Microsoft Visual Studio Solution File, Format Version 12.00
# Visual Studio Version 17
VisualStudioVersion = 17.9.34728.123
MinimumVisualStudioVersion = 10.0.40219.1
Project("{8BC9CEB8-8B4A-11D0-8D11-00A0C91BC942}") = "Toolkit", "Toolkit\Toolkit.vcxproj", "{E0B4AC78-AB82-4252-9F45-8DDE730ECB03}"
	ProjectSection(ProjectDependencies) = postProject
		{90E96717-C8C3-4E15-9B31-DCA6F32393CE} = {90E96717-C8C3-4E15-9B31-DCA6F32393CE}
		{C5925C25-E813-43C5-8F20-6AB68382D44B} = {C5925C25-E813-43C5-8F20-6AB68382D44B}
	EndProjectSection
EndProject
Project("{2150E333-8FDC-42A3-9474-1A3956D46DE8}") = "native", "native", "{F23D0BFF-AB3C-4AF4-BFE8-A507C8E64AB2}"
EndProject
Project("{2150E333-8FDC-42A3-9474-1A3956D46DE8}") = "managed", "managed", "{7E2AA787-2900-4F47-9AAF-59F9F4874603}"
EndProject
Project("{8BC9CEB8-8B4A-11D0-8D11-00A0C91BC942}") = "TkRuntime", "TkRuntime\TkRuntime.vcxproj", "{9EC24763-47E0-4260-97E8-5873B0629629}"
EndProject
Project("{9A19103F-16F7-4668-BE54-9A1E7A4F7556}") = "Toolkit.Core", "Toolkit.Core\Toolkit.Core.csproj", "{90E96717-C8C3-4E15-9B31-DCA6F32393CE}"
EndProject
Project("{9A19103F-16F7-4668-BE54-9A1E7A4F7556}") = "Toolkit.Editor", "Toolkit.Editor\Toolkit.Editor.csproj", "{AA865C25-77EB-4361-A014-C7053AD1EC67}"
EndProject
Project("{8BC9CEB8-8B4A-11D0-8D11-00A0C91BC942}") = "TkEditor", "TkEditor\TkEditor.vcxproj", "{47898EB0-D3E6-435A-B8C3-3018E8EEA7A9}"
	ProjectSection(ProjectDependencies) = postProject
		{AA865C25-77EB-4361-A014-C7053AD1EC67} = {AA865C25-77EB-4361-A014-C7053AD1EC67}
	EndProjectSection
EndProject
Project("{9A19103F-16F7-4668-BE54-9A1E7A4F7556}") = "Toolkit.Renderer", "Toolkit.Graphics\Toolkit.Renderer.csproj", "{C5925C25-E813-43C5-8F20-6AB68382D44B}"
EndProject
Project("{2150E333-8FDC-42A3-9474-1A3956D46DE8}") = "tools", "tools", "{97DCBF64-4E6A-42DD-A451-B373DD010F56}"
EndProject
Project("{FAE04EC0-301F-11D3-BF4B-00C04F79EFBC}") = "BinEdit", "BinEdit\BinEdit.csproj", "{DC1A9206-C3FF-4695-B70C-AD744D772E42}"
EndProject
Global
	GlobalSection(SolutionConfigurationPlatforms) = preSolution
		Debug|Any CPU = Debug|Any CPU
		Debug|x64 = Debug|x64
		Debug|x86 = Debug|x86
		Release|Any CPU = Release|Any CPU
		Release|x64 = Release|x64
		Release|x86 = Release|x86
	EndGlobalSection
	GlobalSection(ProjectConfigurationPlatforms) = postSolution
		{E0B4AC78-AB82-4252-9F45-8DDE730ECB03}.Debug|Any CPU.ActiveCfg = Debug|x64
		{E0B4AC78-AB82-4252-9F45-8DDE730ECB03}.Debug|Any CPU.Build.0 = Debug|x64
		{E0B4AC78-AB82-4252-9F45-8DDE730ECB03}.Debug|x64.ActiveCfg = Debug|x64
		{E0B4AC78-AB82-4252-9F45-8DDE730ECB03}.Debug|x64.Build.0 = Debug|x64
		{E0B4AC78-AB82-4252-9F45-8DDE730ECB03}.Debug|x86.ActiveCfg = Debug|Win32
		{E0B4AC78-AB82-4252-9F45-8DDE730ECB03}.Debug|x86.Build.0 = Debug|Win32
		{E0B4AC78-AB82-4252-9F45-8DDE730ECB03}.Release|Any CPU.ActiveCfg = Release|x64
		{E0B4AC78-AB82-4252-9F45-8DDE730ECB03}.Release|Any CPU.Build.0 = Release|x64
		{E0B4AC78-AB82-4252-9F45-8DDE730ECB03}.Release|x64.ActiveCfg = Release|x64
		{E0B4AC78-AB82-4252-9F45-8DDE730ECB03}.Release|x64.Build.0 = Release|x64
		{E0B4AC78-AB82-4252-9F45-8DDE730ECB03}.Release|x86.ActiveCfg = Release|Win32
		{E0B4AC78-AB82-4252-9F45-8DDE730ECB03}.Release|x86.Build.0 = Release|Win32
		{9EC24763-47E0-4260-97E8-5873B0629629}.Debug|Any CPU.ActiveCfg = Debug|x64
		{9EC24763-47E0-4260-97E8-5873B0629629}.Debug|Any CPU.Build.0 = Debug|x64
		{9EC24763-47E0-4260-97E8-5873B0629629}.Debug|x64.ActiveCfg = Debug|x64
		{9EC24763-47E0-4260-97E8-5873B0629629}.Debug|x64.Build.0 = Debug|x64
		{9EC24763-47E0-4260-97E8-5873B0629629}.Debug|x86.ActiveCfg = Debug|Win32
		{9EC24763-47E0-4260-97E8-5873B0629629}.Debug|x86.Build.0 = Debug|Win32
		{9EC24763-47E0-4260-97E8-5873B0629629}.Release|Any CPU.ActiveCfg = Release|x64
		{9EC24763-47E0-4260-97E8-5873B0629629}.Release|Any CPU.Build.0 = Release|x64
		{9EC24763-47E0-4260-97E8-5873B0629629}.Release|x64.ActiveCfg = Release|x64
		{9EC24763-47E0-4260-97E8-5873B0629629}.Release|x64.Build.0 = Release|x64
		{9EC24763-47E0-4260-97E8-5873B0629629}.Release|x86.ActiveCfg = Release|Win32
		{9EC24763-47E0-4260-97E8-5873B0629629}.Release|x86.Build.0 = Release|Win32
		{90E96717-C8C3-4E15-9B31-DCA6F32393CE}.Debug|Any CPU.ActiveCfg = Debug|Any CPU
		{90E96717-C8C3-4E15-9B31-DCA6F32393CE}.Debug|Any CPU.Build.0 = Debug|Any CPU
		{90E96717-C8C3-4E15-9B31-DCA6F32393CE}.Debug|x64.ActiveCfg = Debug|Any CPU
		{90E96717-C8C3-4E15-9B31-DCA6F32393CE}.Debug|x64.Build.0 = Debug|Any CPU
		{90E96717-C8C3-4E15-9B31-DCA6F32393CE}.Debug|x86.ActiveCfg = Debug|Any CPU
		{90E96717-C8C3-4E15-9B31-DCA6F32393CE}.Debug|x86.Build.0 = Debug|Any CPU
		{90E96717-C8C3-4E15-9B31-DCA6F32393CE}.Release|Any CPU.ActiveCfg = Release|Any CPU
		{90E96717-C8C3-4E15-9B31-DCA6F32393CE}.Release|Any CPU.Build.0 = Release|Any CPU
		{90E96717-C8C3-4E15-9B31-DCA6F32393CE}.Release|x64.ActiveCfg = Release|Any CPU
		{90E96717-C8C3-4E15-9B31-DCA6F32393CE}.Release|x64.Build.0 = Release|Any CPU
		{90E96717-C8C3-4E15-9B31-DCA6F32393CE}.Release|x86.ActiveCfg = Release|Any CPU
		{90E96717-C8C3-4E15-9B31-DCA6F32393CE}.Release|x86.Build.0 = Release|Any CPU
		{AA865C25-77EB-4361-A014-C7053AD1EC67}.Debug|Any CPU.ActiveCfg = Debug|Any CPU
		{AA865C25-77EB-4361-A014-C7053AD1EC67}.Debug|Any CPU.Build.0 = Debug|Any CPU
		{AA865C25-77EB-4361-A014-C7053AD1EC67}.Debug|x64.ActiveCfg = Debug|Any CPU
		{AA865C25-77EB-4361-A014-C7053AD1EC67}.Debug|x64.Build.0 = Debug|Any CPU
		{AA865C25-77EB-4361-A014-C7053AD1EC67}.Debug|x86.ActiveCfg = Debug|Any CPU
		{AA865C25-77EB-4361-A014-C7053AD1EC67}.Debug|x86.Build.0 = Debug|Any CPU
		{AA865C25-77EB-4361-A014-C7053AD1EC67}.Release|Any CPU.ActiveCfg = Release|Any CPU
		{AA865C25-77EB-4361-A014-C7053AD1EC67}.Release|Any CPU.Build.0 = Release|Any CPU
		{AA865C25-77EB-4361-A014-C7053AD1EC67}.Release|x64.ActiveCfg = Release|Any CPU
		{AA865C25-77EB-4361-A014-C7053AD1EC67}.Release|x64.Build.0 = Release|Any CPU
		{AA865C25-77EB-4361-A014-C7053AD1EC67}.Release|x86.ActiveCfg = Release|Any CPU
		{AA865C25-77EB-4361-A014-C7053AD1EC67}.Release|x86.Build.0 = Release|Any CPU
		{47898EB0-D3E6-435A-B8C3-3018E8EEA7A9}.Debug|Any CPU.ActiveCfg = Debug|x64
		{47898EB0-D3E6-435A-B8C3-3018E8EEA7A9}.Debug|Any CPU.Build.0 = Debug|x64
		{47898EB0-D3E6-435A-B8C3-3018E8EEA7A9}.Debug|x64.ActiveCfg = Debug|x64
		{47898EB0-D3E6-435A-B8C3-3018E8EEA7A9}.Debug|x64.Build.0 = Debug|x64
		{47898EB0-D3E6-435A-B8C3-3018E8EEA7A9}.Debug|x86.ActiveCfg = Debug|Win32
		{47898EB0-D3E6-435A-B8C3-3018E8EEA7A9}.Debug|x86.Build.0 = Debug|Win32
		{47898EB0-D3E6-435A-B8C3-3018E8EEA7A9}.Release|Any CPU.ActiveCfg = Release|x64
		{47898EB0-D3E6-435A-B8C3-3018E8EEA7A9}.Release|Any CPU.Build.0 = Release|x64
		{47898EB0-D3E6-435A-B8C3-3018E8EEA7A9}.Release|x64.ActiveCfg = Release|x64
		{47898EB0-D3E6-435A-B8C3-3018E8EEA7A9}.Release|x64.Build.0 = Release|x64
		{47898EB0-D3E6-435A-B8C3-3018E8EEA7A9}.Release|x86.ActiveCfg = Release|Win32
		{47898EB0-D3E6-435A-B8C3-3018E8EEA7A9}.Release|x86.Build.0 = Release|Win32
		{C5925C25-E813-43C5-8F20-6AB68382D44B}.Debug|Any CPU.ActiveCfg = Debug|Any CPU
		{C5925C25-E813-43C5-8F20-6AB68382D44B}.Debug|Any CPU.Build.0 = Debug|Any CPU
		{C5925C25-E813-43C5-8F20-6AB68382D44B}.Debug|x64.ActiveCfg = Debug|Any CPU
		{C5925C25-E813-43C5-8F20-6AB68382D44B}.Debug|x64.Build.0 = Debug|Any CPU
		{C5925C25-E813-43C5-8F20-6AB68382D44B}.Debug|x86.ActiveCfg = Debug|Any CPU
		{C5925C25-E813-43C5-8F20-6AB68382D44B}.Debug|x86.Build.0 = Debug|Any CPU
		{C5925C25-E813-43C5-8F20-6AB68382D44B}.Release|Any CPU.ActiveCfg = Release|Any CPU
		{C5925C25-E813-43C5-8F20-6AB68382D44B}.Release|Any CPU.Build.0 = Release|Any CPU
		{C5925C25-E813-43C5-8F20-6AB68382D44B}.Release|x64.ActiveCfg = Release|Any CPU
		{C5925C25-E813-43C5-8F20-6AB68382D44B}.Release|x64.Build.0 = Release|Any CPU
		{C5925C25-E813-43C5-8F20-6AB68382D44B}.Release|x86.ActiveCfg = Release|Any CPU
		{C5925C25-E813-43C5-8F20-6AB68382D44B}.Release|x86.Build.0 = Release|Any CPU
		{DC1A9206-C3FF-4695-B70C-AD744D772E42}.Debug|Any CPU.ActiveCfg = Debug|Any CPU
		{DC1A9206-C3FF-4695-B70C-AD744D772E42}.Debug|Any CPU.Build.0 = Debug|Any CPU
		{DC1A9206-C3FF-4695-B70C-AD744D772E42}.Debug|x64.ActiveCfg = Debug|Any CPU
		{DC1A9206-C3FF-4695-B70C-AD744D772E42}.Debug|x64.Build.0 = Debug|Any CPU
		{DC1A9206-C3FF-4695-B70C-AD744D772E42}.Debug|x86.ActiveCfg = Debug|Any CPU
		{DC1A9206-C3FF-4695-B70C-AD744D772E42}.Debug|x86.Build.0 = Debug|Any CPU
		{DC1A9206-C3FF-4695-B70C-AD744D772E42}.Release|Any CPU.ActiveCfg = Release|Any CPU
		{DC1A9206-C3FF-4695-B70C-AD744D772E42}.Release|Any CPU.Build.0 = Release|Any CPU
		{DC1A9206-C3FF-4695-B70C-AD744D772E42}.Release|x64.ActiveCfg = Release|Any CPU
		{DC1A9206-C3FF-4695-B70C-AD744D772E42}.Release|x64.Build.0 = Release|Any CPU
		{DC1A9206-C3FF-4695-B70C-AD744D772E42}.Release|x86.ActiveCfg = Release|Any CPU
		{DC1A9206-C3FF-4695-B70C-AD744D772E42}.Release|x86.Build.0 = Release|Any CPU
	EndGlobalSection
	GlobalSection(SolutionProperties) = preSolution
		HideSolutionNode = FALSE
	EndGlobalSection
	GlobalSection(NestedProjects) = preSolution
		{E0B4AC78-AB82-4252-9F45-8DDE730ECB03} = {F23D0BFF-AB3C-4AF4-BFE8-A507C8E64AB2}
		{9EC24763-47E0-4260-97E8-5873B0629629} = {F23D0BFF-AB3C-4AF4-BFE8-A507C8E64AB2}
		{90E96717-C8C3-4E15-9B31-DCA6F32393CE} = {7E2AA787-2900-4F47-9AAF-59F9F4874603}
		{AA865C25-77EB-4361-A014-C7053AD1EC67} = {7E2AA787-2900-4F47-9AAF-59F9F4874603}
		{47898EB0-D3E6-435A-B8C3-3018E8EEA7A9} = {F23D0BFF-AB3C-4AF4-BFE8-A507C8E64AB2}
		{C5925C25-E813-43C5-8F20-6AB68382D44B} = {7E2AA787-2900-4F47-9AAF-59F9F4874603}
		{DC1A9206-C3FF-4695-B70C-AD744D772E42} = {97DCBF64-4E6A-42DD-A451-B373DD010F56}
	EndGlobalSection
	GlobalSection(ExtensibilityGlobals) = postSolution
		SolutionGuid = {2EE67E14-5DEF-46D0-9D90-CABAC0D34690}
	EndGlobalSection
EndGlobal
